dependencies:
- name: mysql
  repository: https://charts.bitnami.com/bitnami
  version: 8.9.6
- name: redis
  repository: https://charts.bitnami.com/bitnami
  version: 17.0.10
digest: sha256:ba9fb9a6ee0311f74474d4b89975333f148c3a6aefca1f296936f8e31c8ca713
generated: "2022-08-12T20:20:20.439927-04:00"
